
Microsoft Visual Studio Solution File, Format Version 12.00
# Visual Studio 15
VisualStudioVersion = 15.0.28010.2046
MinimumVisualStudioVersion = 10.0.40219.1
Project("{FAE04EC0-301F-11D3-BF4B-00C04F79EFBC}") = "Dota3InARow", "Dota3InARow.csproj", "{B45B032A-4BE1-4070-B4F0-5E9AF2265C6E}"
EndProject
Global
	GlobalSection(SolutionConfigurationPlatforms) = preSolution
		Debug|Any CPU = Debug|Any CPU
		Release|Any CPU = Release|Any CPU
	EndGlobalSection
	GlobalSection(ProjectConfigurationPlatforms) = postSolution
		{B45B032A-4BE1-4070-B4F0-5E9AF2265C6E}.Debug|Any CPU.ActiveCfg = Debug|Any CPU
		{B45B032A-4BE1-4070-B4F0-5E9AF2265C6E}.Debug|Any CPU.Build.0 = Debug|Any CPU
		{B45B032A-4BE1-4070-B4F0-5E9AF2265C6E}.Release|Any CPU.ActiveCfg = Release|Any CPU
		{B45B032A-4BE1-4070-B4F0-5E9AF2265C6E}.Release|Any CPU.Build.0 = Release|Any CPU
	EndGlobalSection
	GlobalSection(SolutionProperties) = preSolution
		HideSolutionNode = FALSE
	EndGlobalSection
	GlobalSection(ExtensibilityGlobals) = postSolution
		SolutionGuid = {6F9EC6E3-E5F5-4F3E-9E71-2899C1606F0C}
	EndGlobalSection
EndGlobal
